Microsoft Visual Studio Solution File, Format Version 11.00
# Visual Studio 2008

Project("{3929CDA4-54F4-8D76-ED5B-BDE076E09DE7}") = "MIDI_Spotlight", "Assembly-CSharp.csproj", "{D08AF7CA-A6CC-4408-BB1A-0C170D32DDFC}"
EndProject
Project("{3929CDA4-54F4-8D76-ED5B-BDE076E09DE7}") = "MIDI_Spotlight", "Assembly-CSharp-Editor.csproj", "{B28B7DB2-3800-89D4-B3EE-E0E6DCC77A52}"
EndProject
Global
	GlobalSection(SolutionConfigurationPlatforms) = preSolution
		Debug|Any CPU = Debug|Any CPU
		Release|Any CPU = Release|Any CPU
	EndGlobalSection
	GlobalSection(ProjectConfigurationPlatforms) = postSolution
		{D08AF7CA-A6CC-4408-BB1A-0C170D32DDFC}.Debug|Any CPU.ActiveCfg = Debug|Any CPU
		{D08AF7CA-A6CC-4408-BB1A-0C170D32DDFC}.Debug|Any CPU.Build.0 = Debug|Any CPU
		{D08AF7CA-A6CC-4408-BB1A-0C170D32DDFC}.Release|Any CPU.ActiveCfg = Release|Any CPU
		{D08AF7CA-A6CC-4408-BB1A-0C170D32DDFC}.Release|Any CPU.Build.0 = Release|Any CPU
		{B28B7DB2-3800-89D4-B3EE-E0E6DCC77A52}.Debug|Any CPU.ActiveCfg = Debug|Any CPU
		{B28B7DB2-3800-89D4-B3EE-E0E6DCC77A52}.Debug|Any CPU.Build.0 = Debug|Any CPU
		{B28B7DB2-3800-89D4-B3EE-E0E6DCC77A52}.Release|Any CPU.ActiveCfg = Release|Any CPU
		{B28B7DB2-3800-89D4-B3EE-E0E6DCC77A52}.Release|Any CPU.Build.0 = Release|Any CPU
	EndGlobalSection
	GlobalSection(SolutionProperties) = preSolution
		HideSolutionNode = FALSE
	EndGlobalSection
	GlobalSection(MonoDevelopProperties) = preSolution
		StartupItem = Assembly-CSharp.csproj
	EndGlobalSection
EndGlobal
